{
    "_readme": [
        "This file locks the dependencies of your project to a known state",
        "Read more about it at https://getcomposer.org/doc/01-basic-usage.md#installing-dependencies",
        "This file is @generated automatically"
    ],
    "content-hash": "0a578f7943024ec8ea9a4c66a543c271",
    "packages": [
        {
            "name": "phpxmlrpc/phpxmlrpc",
            "version": "4.9.2",
            "source": {
                "type": "git",
                "url": "https://github.com/gggeek/phpxmlrpc.git",
                "reference": "805d727670b7a7c08c9f129327482f13a4c1ea11"
            },
            "dist": {
                "type": "zip",
                "url": "https://api.github.com/repos/gggeek/phpxmlrpc/zipball/805d727670b7a7c08c9f129327482f13a4c1ea11",
                "reference": "805d727670b7a7c08c9f129327482f13a4c1ea11",
                "shasum": ""
            },
            "require": {
                "ext-xml": "*",
                "php": "^5.3.0 || ^7.0 || ^8.0"
            },
            "conflict": {
                "phpxmlrpc/extras": "<= 0.6.3"
            },
            "require-dev": {
                "ext-curl": "*",
                "ext-dom": "*",
                "ext-mbstring": "*",
                "phpunit/phpunit": "^4.8 || ^5.0 || ^8.5.14",
                "phpunit/phpunit-selenium": "*",
                "yoast/phpunit-polyfills": "*"
            },
            "suggest": {
                "ext-curl": "Needed for HTTPS and HTTP 1.1 support, NTLM Auth etc...",
                "ext-mbstring": "Needed to allow reception of requests/responses in character sets other than ASCII,LATIN-1,UTF-8",
                "ext-zlib": "Needed for sending compressed requests and receiving compressed responses, if cURL is not available",
                "phpxmlrpc/extras": "Adds more featured Server classes and other useful bits",
                "phpxmlrpc/jsonrpc": "Adds support for the JSON-RPC protocol"
            },
            "type": "library",
            "autoload": {
                "psr-4": {
                    "PhpXmlRpc\\": "src/"
                }
            },
            "notification-url": "https://packagist.org/downloads/",
            "license": [
                "BSD-3-Clause"
            ],
            "description": "A php library for building xmlrpc clients and servers",
            "homepage": "https://gggeek.github.io/phpxmlrpc/",
            "keywords": [
                "webservices",
                "xml-rpc",
                "xmlrpc"
            ],
            "support": {
                "issues": "https://github.com/gggeek/phpxmlrpc/issues",
                "source": "https://github.com/gggeek/phpxmlrpc/tree/4.9.2"
            },
            "time": "2022-12-18T21:47:48+00:00"
        }
    ],
    "packages-dev": [],
    "aliases": [],
    "minimum-stability": "stable",
    "stability-flags": [],
    "prefer-stable": false,
    "prefer-lowest": false,
    "platform": [],
    "platform-dev": [],
    "plugin-api-version": "2.3.0"
}
